
Microsoft Visual Studio Solution File, Format Version 12.00
# Visual Studio Version 17
VisualStudioVersion = 17.7.34302.85
MinimumVisualStudioVersion = 10.0.40219.1
Project("{FAE04EC0-301F-11D3-BF4B-00C04F79EFBC}") = "DataGridBinding", "DataGridBinding\DataGridBinding.csproj", "{FE72CD33-64F7-4EBB-90B4-8056D0313096}"
EndProject
Global
	GlobalSection(SolutionConfigurationPlatforms) = preSolution
		Debug|Any CPU = Debug|Any CPU
		Release|Any CPU = Release|Any CPU
	EndGlobalSection
	GlobalSection(ProjectConfigurationPlatforms) = postSolution
		{FE72CD33-64F7-4EBB-90B4-8056D0313096}.Debug|Any CPU.ActiveCfg = Debug|Any CPU
		{FE72CD33-64F7-4EBB-90B4-8056D0313096}.Debug|Any CPU.Build.0 = Debug|Any CPU
		{FE72CD33-64F7-4EBB-90B4-8056D0313096}.Release|Any CPU.ActiveCfg = Release|Any CPU
		{FE72CD33-64F7-4EBB-90B4-8056D0313096}.Release|Any CPU.Build.0 = Release|Any CPU
	EndGlobalSection
	GlobalSection(SolutionProperties) = preSolution
		HideSolutionNode = FALSE
	EndGlobalSection
	GlobalSection(ExtensibilityGlobals) = postSolution
		SolutionGuid = {666C9C4D-638E-4C3D-845B-A99D0939EF67}
	EndGlobalSection
EndGlobal
